// !$*UTF8*$!
{
	archiveVersion = 1;
	classes = {
	};
	objectVersion = 46;
	objects = {

/* Begin PBXBuildFile section */
		083C87731F2105E5004EC780 /* AppDelegate.swift in Sources */ = {isa = PBXBuildFile; fileRef = 083C87721F2105E5004EC780 /* AppDelegate.swift */; };
		083C87751F2105E5004EC780 /* ViewController.swift in Sources */ = {isa = PBXBuildFile; fileRef = 083C87741F2105E5004EC780 /* ViewController.swift */; };
		083C87781F2105E5004EC780 /* Main.storyboard in Resources */ = {isa = PBXBuildFile; fileRef = 083C87761F2105E5004EC780 /* Main.storyboard */; };
		083C877A1F2105E5004EC780 /* Assets.xcassets in Resources */ = {isa = PBXBuildFile; fileRef = 083C87791F2105E5004EC780 /* Assets.xcassets */; };
		083C877D1F2105E5004EC780 /* LaunchScreen.storyboard in Resources */ = {isa = PBXBuildFile; fileRef = 083C877B1F2105E5004EC780 /* LaunchScreen.storyboard */; };
		083C87861F210606004EC780 /* DocumentComponentAbstract.swift in Sources */ = {isa = PBXBuildFile; fileRef = 083C87851F210606004EC780 /* DocumentComponentAbstract.swift */; };
		083C87881F2107D7004EC780 /* DocumentComposite.swift in Sources */ = {isa = PBXBuildFile; fileRef = 083C87871F2107D7004EC780 /* DocumentComposite.swift */; };
		083C878A1F210962004EC780 /* DocumentParagraph.swift in Sources */ = {isa = PBXBuildFile; fileRef = 083C87891F210962004EC780 /* DocumentParagraph.swift */; };
/* End PBXBuildFile section */

/* Begin PBXFileReference section */
		083C876F1F2105E5004EC780 /* Composite.app */ = {isa = PBXFileReference; explicitFileType = wrapper.application; includeInIndex = 0; path = Composite.app; sourceTree = BUILT_PRODUCTS_DIR; };
		083C87721F2105E5004EC780 /* AppDelegate.swift */ = {isa = PBXFileReference; lastKnownFileType = sourcecode.swift; path = AppDelegate.swift; sourceTree = "<group>"; };
		083C87741F2105E5004EC780 /* ViewController.swift */ = {isa = PBXFileReference; lastKnownFileType = sourcecode.swift; path = ViewController.swift; sourceTree = "<group>"; };
		083C87771F2105E5004EC780 /* Base */ = {isa = PBXFileReference; lastKnownFileType = file.storyboard; name = Base; path = Base.lproj/Main.storyboard; sourceTree = "<group>"; };
		083C87791F2105E5004EC780 /* Assets.xcassets */ = {isa = PBXFileReference; lastKnownFileType = folder.assetcatalog; path = Assets.xcassets; sourceTree = "<group>"; };
		083C877C1F2105E5004EC780 /* Base */ = {isa = PBXFileReference; lastKnownFileType = file.storyboard; name = Base; path = Base.lproj/LaunchScreen.storyboard; sourceTree = "<group>"; };
		083C877E1F2105E5004EC780 /* Info.plist */ = {isa = PBXFileReference; lastKnownFileType = text.plist.xml; path = Info.plist; sourceTree = "<group>"; };
		083C87851F210606004EC780 /* DocumentComponentAbstract.swift */ = {isa = PBXFileReference; fileEncoding = 4; lastKnownFileType = sourcecode.swift; path = DocumentComponentAbstract.swift; sourceTree = "<group>"; };
		083C87871F2107D7004EC780 /* DocumentComposite.swift */ = {isa = PBXFileReference; fileEncoding = 4; lastKnownFileType = sourcecode.swift; path = DocumentComposite.swift; sourceTree = "<group>"; };
		083C87891F210962004EC780 /* DocumentParagraph.swift */ = {isa = PBXFileReference; fileEncoding = 4; lastKnownFileType = sourcecode.swift; path = DocumentParagraph.swift; sourceTree = "<group>"; };
/* End PBXFileReference section */

/* Begin PBXFrameworksBuildPhase section */
		083C876C1F2105E5004EC780 /* Frameworks */ = {
			isa = PBXFrameworksBuildPhase;
			buildActionMask = 2147483647;
			files = (
			);
			runOnlyForDeploymentPostprocessing = 0;
		};
/* End PBXFrameworksBuildPhase section */

/* Begin PBXGroup section */
		083C87661F2105E5004EC780 = {
			isa = PBXGroup;
			children = (
				083C87711F2105E5004EC780 /* Composite */,
				083C87701F2105E5004EC780 /* Products */,
			);
			sourceTree = "<group>";
		};
		083C87701F2105E5004EC780 /* Products */ = {
			isa = PBXGroup;
			children = (
				083C876F1F2105E5004EC780 /* Composite.app */,
			);
			name = Products;
			sourceTree = "<group>";
		};
		083C87711F2105E5004EC780 /* Composite */ = {
			isa = PBXGroup;
			children = (
				083C87721F2105E5004EC780 /* AppDelegate.swift */,
				083C87741F2105E5004EC780 /* ViewController.swift */,
				083C87761F2105E5004EC780 /* Main.storyboard */,
				083C87841F2105EB004EC780 /* Composite */,
				083C87791F2105E5004EC780 /* Assets.xcassets */,
				083C877B1F2105E5004EC780 /* LaunchScreen.storyboard */,
				083C877E1F2105E5004EC780 /* Info.plist */,
			);
			path = Composite;
			sourceTree = "<group>";
		};
		083C87841F2105EB004EC780 /* Composite */ = {
			isa = PBXGroup;
			children = (
				083C87851F210606004EC780 /* DocumentComponentAbstract.swift */,
				083C87871F2107D7004EC780 /* DocumentComposite.swift */,
				083C87891F210962004EC780 /* DocumentParagraph.swift */,
			);
			name = Composite;
			sourceTree = "<group>";
		};
/* End PBXGroup section */

/* Begin PBXNativeTarget section */
		083C876E1F2105E5004EC780 /* Composite */ = {
			isa = PBXNativeTarget;
			buildConfigurationList = 083C87811F2105E5004EC780 /* Build configuration list for PBXNativeTarget "Composite" */;
			buildPhases = (
				083C876B1F2105E5004EC780 /* Sources */,
				083C876C1F2105E5004EC780 /* Frameworks */,
				083C876D1F2105E5004EC780 /* Resources */,
			);
			buildRules = (
			);
			dependencies = (
			);
			name = Composite;
			productName = Composite;
			productReference = 083C876F1F2105E5004EC780 /* Composite.app */;
			productType = "com.apple.product-type.application";
		};
/* End PBXNativeTarget section */

/* Begin PBXProject section */
		083C87671F2105E5004EC780 /* Project object */ = {
			isa = PBXProject;
			attributes = {
				LastSwiftUpdateCheck = 0830;
				LastUpgradeCheck = 0830;
				ORGANIZATIONNAME = "Giuseppe Primo";
				TargetAttributes = {
					083C876E1F2105E5004EC780 = {
						CreatedOnToolsVersion = 8.3.3;
						DevelopmentTeam = WY8DEB6X37;
						ProvisioningStyle = Automatic;
					};
				};
			};
			buildConfigurationList = 083C876A1F2105E5004EC780 /* Build configuration list for PBXProject "Composite" */;
			compatibilityVersion = "Xcode 3.2";
			developmentRegion = English;
			hasScannedForEncodings = 0;
			knownRegions = (
				en,
				Base,
			);
			mainGroup = 083C87661F2105E5004EC780;
			productRefGroup = 083C87701F2105E5004EC780 /* Products */;
			projectDirPath = "";
			projectRoot = "";
			targets = (
				083C876E1F2105E5004EC780 /* Composite */,
			);
		};
/* End PBXProject section */

/* Begin PBXResourcesBuildPhase section */
		083C876D1F2105E5004EC780 /* Resources */ = {
			isa = PBXResourcesBuildPhase;
			buildActionMask = 2147483647;
			files = (
				083C877D1F2105E5004EC780 /* LaunchScreen.storyboard in Resources */,
				083C877A1F2105E5004EC780 /* Assets.xcassets in Resources */,
				083C87781F2105E5004EC780 /* Main.storyboard in Resources */,
			);
			runOnlyForDeploymentPostprocessing = 0;
		};
/* End PBXResourcesBuildPhase section */

/* Begin PBXSourcesBuildPhase section */
		083C876B1F2105E5004EC780 /* Sources */ = {
			isa = PBXSourcesBuildPhase;
			buildActionMask = 2147483647;
			files = (
				083C87881F2107D7004EC780 /* DocumentComposite.swift in Sources */,
				083C87861F210606004EC780 /* DocumentComponentAbstract.swift in Sources */,
				083C87751F2105E5004EC780 /* ViewController.swift in Sources */,
				083C87731F2105E5004EC780 /* AppDelegate.swift in Sources */,
				083C878A1F210962004EC780 /* DocumentParagraph.swift in Sources */,
			);
			runOnlyForDeploymentPostprocessing = 0;
		};
/* End PBXSourcesBuildPhase section */

/* Begin PBXVariantGroup section */
		083C87761F2105E5004EC780 /* Main.storyboard */ = {
			isa = PBXVariantGroup;
			children = (
				083C87771F2105E5004EC780 /* Base */,
			);
			name = Main.storyboard;
			sourceTree = "<group>";
		};
		083C877B1F2105E5004EC780 /* LaunchScreen.storyboard */ = {
			isa = PBXVariantGroup;
			children = (
				083C877C1F2105E5004EC780 /* Base */,
			);
			name = LaunchScreen.storyboard;
			sourceTree = "<group>";
		};
/* End PBXVariantGroup section */

/* Begin XCBuildConfiguration section */
		083C877F1F2105E5004EC780 /* Debug */ = {
			isa = XCBuildConfiguration;
			buildSettings = {
				ALWAYS_SEARCH_USER_PATHS = NO;
				CLANG_ANALYZER_NONNULL = YES;
				CLANG_ANALYZER_NUMBER_OBJECT_CONVERSION = YES_AGGRESSIVE;
				CLANG_CXX_LANGUAGE_STANDARD = "gnu++0x";
				CLANG_CXX_LIBRARY = "libc++";
				CLANG_ENABLE_MODULES = YES;
				CLANG_ENABLE_OBJC_ARC = YES;
				CLANG_WARN_BOOL_CONVERSION = YES;
				CLANG_WARN_CONSTANT_CONVERSION = YES;
				CLANG_WARN_DIRECT_OBJC_ISA_USAGE = YES_ERROR;
				CLANG_WARN_DOCUMENTATION_COMMENTS = YES;
				CLANG_WARN_EMPTY_BODY = YES;
				CLANG_WARN_ENUM_CONVERSION = YES;
				CLANG_WARN_INFINITE_RECURSION = YES;
				CLANG_WARN_INT_CONVERSION = YES;
				CLANG_WARN_OBJC_ROOT_CLASS = YES_ERROR;
				CLANG_WARN_SUSPICIOUS_MOVE = YES;
				CLANG_WARN_UNREACHABLE_CODE = YES;
				CLANG_WARN__DUPLICATE_METHOD_MATCH = YES;
				"CODE_SIGN_IDENTITY[sdk=iphoneos*]" = "iPhone Developer";
				COPY_PHASE_STRIP = NO;
				DEBUG_INFORMATION_FORMAT = dwarf;
				ENABLE_STRICT_OBJC_MSGSEND = YES;
				ENABLE_TESTABILITY = YES;
				GCC_C_LANGUAGE_STANDARD = gnu99;
				GCC_DYNAMIC_NO_PIC = NO;
				GCC_NO_COMMON_BLOCKS = YES;
				GCC_OPTIMIZATION_LEVEL = 0;
				GCC_PREPROCESSOR_DEFINITIONS = (
					"DEBUG=1",
					"$(inherited)",
				);
				GCC_WARN_64_TO_32_BIT_CONVERSION = YES;
				GCC_WARN_ABOUT_RETURN_TYPE = YES_ERROR;
				GCC_WARN_UNDECLARED_SELECTOR = YES;
				GCC_WARN_UNINITIALIZED_AUTOS = YES_AGGRESSIVE;
				GCC_WARN_UNUSED_FUNCTION = YES;
				GCC_WARN_UNUSED_VARIABLE = YES;
				IPHONEOS_DEPLOYMENT_TARGET = 10.3;
				MTL_ENABLE_DEBUG_INFO = YES;
				ONLY_ACTIVE_ARCH = YES;
				SDKROOT = iphoneos;
				SWIFT_ACTIVE_COMPILATION_CONDITIONS = DEBUG;
				SWIFT_OPTIMIZATION_LEVEL = "-Onone";
				TARGETED_DEVICE_FAMILY = "1,2";
			};
			name = Debug;
		};
		083C87801F2105E5004EC780 /* Release */ = {
			isa = XCBuildConfiguration;
			buildSettings = {
				ALWAYS_SEARCH_USER_PATHS = NO;
				CLANG_ANALYZER_NONNULL = YES;
				CLANG_ANALYZER_NUMBER_OBJECT_CONVERSION = YES_AGGRESSIVE;
				CLANG_CXX_LANGUAGE_STANDARD = "gnu++0x";
				CLANG_CXX_LIBRARY = "libc++";
				CLANG_ENABLE_MODULES = YES;
				CLANG_ENABLE_OBJC_ARC = YES;
				CLANG_WARN_BOOL_CONVERSION = YES;
				CLANG_WARN_CONSTANT_CONVERSION = YES;
				CLANG_WARN_DIRECT_OBJC_ISA_USAGE = YES_ERROR;
				CLANG_WARN_DOCUMENTATION_COMMENTS = YES;
				CLANG_WARN_EMPTY_BODY = YES;
				CLANG_WARN_ENUM_CONVERSION = YES;
				CLANG_WARN_INFINITE_RECURSION = YES;
				CLANG_WARN_INT_CONVERSION = YES;
				CLANG_WARN_OBJC_ROOT_CLASS = YES_ERROR;
				CLANG_WARN_SUSPICIOUS_MOVE = YES;
				CLANG_WARN_UNREACHABLE_CODE = YES;
				CLANG_WARN__DUPLICATE_METHOD_MATCH = YES;
				"CODE_SIGN_IDENTITY[sdk=iphoneos*]" = "iPhone Developer";
				COPY_PHASE_STRIP = NO;
				DEBUG_INFORMATION_FORMAT = "dwarf-with-dsym";
				ENABLE_NS_ASSERTIONS = NO;
				ENABLE_STRICT_OBJC_MSGSEND = YES;
				GCC_C_LANGUAGE_STANDARD = gnu99;
				GCC_NO_COMMON_BLOCKS = YES;
				GCC_WARN_64_TO_32_BIT_CONVERSION = YES;
				GCC_WARN_ABOUT_RETURN_TYPE = YES_ERROR;
				GCC_WARN_UNDECLARED_SELECTOR = YES;
				GCC_WARN_UNINITIALIZED_AUTOS = YES_AGGRESSIVE;
				GCC_WARN_UNUSED_FUNCTION = YES;
				GCC_WARN_UNUSED_VARIABLE = YES;
				IPHONEOS_DEPLOYMENT_TARGET = 10.3;
				MTL_ENABLE_DEBUG_INFO = NO;
				SDKROOT = iphoneos;
				SWIFT_OPTIMIZATION_LEVEL = "-Owholemodule";
				TARGETED_DEVICE_FAMILY = "1,2";
				VALIDATE_PRODUCT = YES;
			};
			name = Release;
		};
		083C87821F2105E5004EC780 /* Debug */ = {
			isa = XCBuildConfiguration;
			buildSettings = {
				ASSETCATALOG_COMPILER_APPICON_NAME = AppIcon;
				DEVELOPMENT_TEAM = WY8DEB6X37;
				INFOPLIST_FILE = Composite/Info.plist;
				LD_RUNPATH_SEARCH_PATHS = "$(inherited) @executable_path/Frameworks";
				PRODUCT_BUNDLE_IDENTIFIER = it.primo.Composite;
				PRODUCT_NAME = "$(TARGET_NAME)";
				SWIFT_VERSION = 3.0;
			};
			name = Debug;
		};
		083C87831F2105E5004EC780 /* Release */ = {
			isa = XCBuildConfiguration;
			buildSettings = {
				ASSETCATALOG_COMPILER_APPICON_NAME = AppIcon;
				DEVELOPMENT_TEAM = WY8DEB6X37;
				INFOPLIST_FILE = Composite/Info.plist;
				LD_RUNPATH_SEARCH_PATHS = "$(inherited) @executable_path/Frameworks";
				PRODUCT_BUNDLE_IDENTIFIER = it.primo.Composite;
				PRODUCT_NAME = "$(TARGET_NAME)";
				SWIFT_VERSION = 3.0;
			};
			name = Release;
		};
/* End XCBuildConfiguration section */

/* Begin XCConfigurationList section */
		083C876A1F2105E5004EC780 /* Build configuration list for PBXProject "Composite" */ = {
			isa = XCConfigurationList;
			buildConfigurations = (
				083C877F1F2105E5004EC780 /* Debug */,
				083C87801F2105E5004EC780 /* Release */,
			);
			defaultConfigurationIsVisible = 0;
			defaultConfigurationName = Release;
		};
		083C87811F2105E5004EC780 /* Build configuration list for PBXNativeTarget "Composite" */ = {
			isa = XCConfigurationList;
			buildConfigurations = (
				083C87821F2105E5004EC780 /* Debug */,
				083C87831F2105E5004EC780 /* Release */,
			);
			defaultConfigurationIsVisible = 0;
		};
/* End XCConfigurationList section */
	};
	rootObject = 083C87671F2105E5004EC780 /* Project object */;
}
