// !$*UTF8*$!
{
	archiveVersion = 1;
	classes = {
	};
	objectVersion = 46;
	objects = {

/* Begin PBXBuildFile section */
		08C2EBE61F274D2D0012CA2E /* AppDelegate.swift in Sources */ = {isa = PBXBuildFile; fileRef = 08C2EBE51F274D2D0012CA2E /* AppDelegate.swift */; };
		08C2EBE81F274D2D0012CA2E /* ViewController.swift in Sources */ = {isa = PBXBuildFile; fileRef = 08C2EBE71F274D2D0012CA2E /* ViewController.swift */; };
		08C2EBEB1F274D2D0012CA2E /* Main.storyboard in Resources */ = {isa = PBXBuildFile; fileRef = 08C2EBE91F274D2D0012CA2E /* Main.storyboard */; };
		08C2EBED1F274D2D0012CA2E /* Assets.xcassets in Resources */ = {isa = PBXBuildFile; fileRef = 08C2EBEC1F274D2D0012CA2E /* Assets.xcassets */; };
		08C2EBF01F274D2D0012CA2E /* LaunchScreen.storyboard in Resources */ = {isa = PBXBuildFile; fileRef = 08C2EBEE1F274D2D0012CA2E /* LaunchScreen.storyboard */; };
		08C2EBFD1F274D8C0012CA2E /* AbstractPizza.swift in Sources */ = {isa = PBXBuildFile; fileRef = 08C2EBFC1F274D8C0012CA2E /* AbstractPizza.swift */; };
		08C2EBFF1F274DD00012CA2E /* PizzaMargherita.swift in Sources */ = {isa = PBXBuildFile; fileRef = 08C2EBFE1F274DD00012CA2E /* PizzaMargherita.swift */; };
		08C2EC011F274E240012CA2E /* PizzaCapricciosa.swift in Sources */ = {isa = PBXBuildFile; fileRef = 08C2EC001F274E240012CA2E /* PizzaCapricciosa.swift */; };
		08C2EC041F274E950012CA2E /* PizzaDecorator.swift in Sources */ = {isa = PBXBuildFile; fileRef = 08C2EC031F274E950012CA2E /* PizzaDecorator.swift */; };
		08C2EC061F2752320012CA2E /* Cheese.swift in Sources */ = {isa = PBXBuildFile; fileRef = 08C2EC051F2752320012CA2E /* Cheese.swift */; };
		08C2EC081F2752480012CA2E /* Porchetta.swift in Sources */ = {isa = PBXBuildFile; fileRef = 08C2EC071F2752480012CA2E /* Porchetta.swift */; };
/* End PBXBuildFile section */

/* Begin PBXFileReference section */
		08C2EBE21F274D2D0012CA2E /* Decorator.app */ = {isa = PBXFileReference; explicitFileType = wrapper.application; includeInIndex = 0; path = Decorator.app; sourceTree = BUILT_PRODUCTS_DIR; };
		08C2EBE51F274D2D0012CA2E /* AppDelegate.swift */ = {isa = PBXFileReference; lastKnownFileType = sourcecode.swift; path = AppDelegate.swift; sourceTree = "<group>"; };
		08C2EBE71F274D2D0012CA2E /* ViewController.swift */ = {isa = PBXFileReference; lastKnownFileType = sourcecode.swift; path = ViewController.swift; sourceTree = "<group>"; };
		08C2EBEA1F274D2D0012CA2E /* Base */ = {isa = PBXFileReference; lastKnownFileType = file.storyboard; name = Base; path = Base.lproj/Main.storyboard; sourceTree = "<group>"; };
		08C2EBEC1F274D2D0012CA2E /* Assets.xcassets */ = {isa = PBXFileReference; lastKnownFileType = folder.assetcatalog; path = Assets.xcassets; sourceTree = "<group>"; };
		08C2EBEF1F274D2D0012CA2E /* Base */ = {isa = PBXFileReference; lastKnownFileType = file.storyboard; name = Base; path = Base.lproj/LaunchScreen.storyboard; sourceTree = "<group>"; };
		08C2EBF11F274D2D0012CA2E /* Info.plist */ = {isa = PBXFileReference; lastKnownFileType = text.plist.xml; path = Info.plist; sourceTree = "<group>"; };
		08C2EBFC1F274D8C0012CA2E /* AbstractPizza.swift */ = {isa = PBXFileReference; fileEncoding = 4; lastKnownFileType = sourcecode.swift; path = AbstractPizza.swift; sourceTree = "<group>"; };
		08C2EBFE1F274DD00012CA2E /* PizzaMargherita.swift */ = {isa = PBXFileReference; fileEncoding = 4; lastKnownFileType = sourcecode.swift; path = PizzaMargherita.swift; sourceTree = "<group>"; };
		08C2EC001F274E240012CA2E /* PizzaCapricciosa.swift */ = {isa = PBXFileReference; fileEncoding = 4; lastKnownFileType = sourcecode.swift; path = PizzaCapricciosa.swift; sourceTree = "<group>"; };
		08C2EC031F274E950012CA2E /* PizzaDecorator.swift */ = {isa = PBXFileReference; fileEncoding = 4; lastKnownFileType = sourcecode.swift; path = PizzaDecorator.swift; sourceTree = "<group>"; };
		08C2EC051F2752320012CA2E /* Cheese.swift */ = {isa = PBXFileReference; fileEncoding = 4; lastKnownFileType = sourcecode.swift; path = Cheese.swift; sourceTree = "<group>"; };
		08C2EC071F2752480012CA2E /* Porchetta.swift */ = {isa = PBXFileReference; fileEncoding = 4; lastKnownFileType = sourcecode.swift; path = Porchetta.swift; sourceTree = "<group>"; };
/* End PBXFileReference section */

/* Begin PBXFrameworksBuildPhase section */
		08C2EBDF1F274D2D0012CA2E /* Frameworks */ = {
			isa = PBXFrameworksBuildPhase;
			buildActionMask = 2147483647;
			files = (
			);
			runOnlyForDeploymentPostprocessing = 0;
		};
/* End PBXFrameworksBuildPhase section */

/* Begin PBXGroup section */
		08C2EBD91F274D2D0012CA2E = {
			isa = PBXGroup;
			children = (
				08C2EBE41F274D2D0012CA2E /* Decorator */,
				08C2EBE31F274D2D0012CA2E /* Products */,
			);
			sourceTree = "<group>";
		};
		08C2EBE31F274D2D0012CA2E /* Products */ = {
			isa = PBXGroup;
			children = (
				08C2EBE21F274D2D0012CA2E /* Decorator.app */,
			);
			name = Products;
			sourceTree = "<group>";
		};
		08C2EBE41F274D2D0012CA2E /* Decorator */ = {
			isa = PBXGroup;
			children = (
				08C2EBE51F274D2D0012CA2E /* AppDelegate.swift */,
				08C2EBE71F274D2D0012CA2E /* ViewController.swift */,
				08C2EBE91F274D2D0012CA2E /* Main.storyboard */,
				08C2EC021F274E850012CA2E /* Decorator */,
				08C2EBFB1F274D680012CA2E /* Component */,
				08C2EBEC1F274D2D0012CA2E /* Assets.xcassets */,
				08C2EBEE1F274D2D0012CA2E /* LaunchScreen.storyboard */,
				08C2EBF11F274D2D0012CA2E /* Info.plist */,
			);
			path = Decorator;
			sourceTree = "<group>";
		};
		08C2EBFB1F274D680012CA2E /* Component */ = {
			isa = PBXGroup;
			children = (
				08C2EBFC1F274D8C0012CA2E /* AbstractPizza.swift */,
				08C2EBFE1F274DD00012CA2E /* PizzaMargherita.swift */,
				08C2EC001F274E240012CA2E /* PizzaCapricciosa.swift */,
			);
			name = Component;
			sourceTree = "<group>";
		};
		08C2EC021F274E850012CA2E /* Decorator */ = {
			isa = PBXGroup;
			children = (
				08C2EC031F274E950012CA2E /* PizzaDecorator.swift */,
				08C2EC051F2752320012CA2E /* Cheese.swift */,
				08C2EC071F2752480012CA2E /* Porchetta.swift */,
			);
			name = Decorator;
			sourceTree = "<group>";
		};
/* End PBXGroup section */

/* Begin PBXNativeTarget section */
		08C2EBE11F274D2D0012CA2E /* Decorator */ = {
			isa = PBXNativeTarget;
			buildConfigurationList = 08C2EBF41F274D2D0012CA2E /* Build configuration list for PBXNativeTarget "Decorator" */;
			buildPhases = (
				08C2EBDE1F274D2D0012CA2E /* Sources */,
				08C2EBDF1F274D2D0012CA2E /* Frameworks */,
				08C2EBE01F274D2D0012CA2E /* Resources */,
			);
			buildRules = (
			);
			dependencies = (
			);
			name = Decorator;
			productName = Decorator;
			productReference = 08C2EBE21F274D2D0012CA2E /* Decorator.app */;
			productType = "com.apple.product-type.application";
		};
/* End PBXNativeTarget section */

/* Begin PBXProject section */
		08C2EBDA1F274D2D0012CA2E /* Project object */ = {
			isa = PBXProject;
			attributes = {
				LastSwiftUpdateCheck = 0830;
				LastUpgradeCheck = 0830;
				ORGANIZATIONNAME = "Giuseppe Primo";
				TargetAttributes = {
					08C2EBE11F274D2D0012CA2E = {
						CreatedOnToolsVersion = 8.3.3;
						DevelopmentTeam = WY8DEB6X37;
						ProvisioningStyle = Automatic;
					};
				};
			};
			buildConfigurationList = 08C2EBDD1F274D2D0012CA2E /* Build configuration list for PBXProject "Decorator" */;
			compatibilityVersion = "Xcode 3.2";
			developmentRegion = English;
			hasScannedForEncodings = 0;
			knownRegions = (
				en,
				Base,
			);
			mainGroup = 08C2EBD91F274D2D0012CA2E;
			productRefGroup = 08C2EBE31F274D2D0012CA2E /* Products */;
			projectDirPath = "";
			projectRoot = "";
			targets = (
				08C2EBE11F274D2D0012CA2E /* Decorator */,
			);
		};
/* End PBXProject section */

/* Begin PBXResourcesBuildPhase section */
		08C2EBE01F274D2D0012CA2E /* Resources */ = {
			isa = PBXResourcesBuildPhase;
			buildActionMask = 2147483647;
			files = (
				08C2EBF01F274D2D0012CA2E /* LaunchScreen.storyboard in Resources */,
				08C2EBED1F274D2D0012CA2E /* Assets.xcassets in Resources */,
				08C2EBEB1F274D2D0012CA2E /* Main.storyboard in Resources */,
			);
			runOnlyForDeploymentPostprocessing = 0;
		};
/* End PBXResourcesBuildPhase section */

/* Begin PBXSourcesBuildPhase section */
		08C2EBDE1F274D2D0012CA2E /* Sources */ = {
			isa = PBXSourcesBuildPhase;
			buildActionMask = 2147483647;
			files = (
				08C2EBFF1F274DD00012CA2E /* PizzaMargherita.swift in Sources */,
				08C2EBE81F274D2D0012CA2E /* ViewController.swift in Sources */,
				08C2EC011F274E240012CA2E /* PizzaCapricciosa.swift in Sources */,
				08C2EBE61F274D2D0012CA2E /* AppDelegate.swift in Sources */,
				08C2EC081F2752480012CA2E /* Porchetta.swift in Sources */,
				08C2EC061F2752320012CA2E /* Cheese.swift in Sources */,
				08C2EC041F274E950012CA2E /* PizzaDecorator.swift in Sources */,
				08C2EBFD1F274D8C0012CA2E /* AbstractPizza.swift in Sources */,
			);
			runOnlyForDeploymentPostprocessing = 0;
		};
/* End PBXSourcesBuildPhase section */

/* Begin PBXVariantGroup section */
		08C2EBE91F274D2D0012CA2E /* Main.storyboard */ = {
			isa = PBXVariantGroup;
			children = (
				08C2EBEA1F274D2D0012CA2E /* Base */,
			);
			name = Main.storyboard;
			sourceTree = "<group>";
		};
		08C2EBEE1F274D2D0012CA2E /* LaunchScreen.storyboard */ = {
			isa = PBXVariantGroup;
			children = (
				08C2EBEF1F274D2D0012CA2E /* Base */,
			);
			name = LaunchScreen.storyboard;
			sourceTree = "<group>";
		};
/* End PBXVariantGroup section */

/* Begin XCBuildConfiguration section */
		08C2EBF21F274D2D0012CA2E /* Debug */ = {
			isa = XCBuildConfiguration;
			buildSettings = {
				ALWAYS_SEARCH_USER_PATHS = NO;
				CLANG_ANALYZER_NONNULL = YES;
				CLANG_ANALYZER_NUMBER_OBJECT_CONVERSION = YES_AGGRESSIVE;
				CLANG_CXX_LANGUAGE_STANDARD = "gnu++0x";
				CLANG_CXX_LIBRARY = "libc++";
				CLANG_ENABLE_MODULES = YES;
				CLANG_ENABLE_OBJC_ARC = YES;
				CLANG_WARN_BOOL_CONVERSION = YES;
				CLANG_WARN_CONSTANT_CONVERSION = YES;
				CLANG_WARN_DIRECT_OBJC_ISA_USAGE = YES_ERROR;
				CLANG_WARN_DOCUMENTATION_COMMENTS = YES;
				CLANG_WARN_EMPTY_BODY = YES;
				CLANG_WARN_ENUM_CONVERSION = YES;
				CLANG_WARN_INFINITE_RECURSION = YES;
				CLANG_WARN_INT_CONVERSION = YES;
				CLANG_WARN_OBJC_ROOT_CLASS = YES_ERROR;
				CLANG_WARN_SUSPICIOUS_MOVE = YES;
				CLANG_WARN_UNREACHABLE_CODE = YES;
				CLANG_WARN__DUPLICATE_METHOD_MATCH = YES;
				"CODE_SIGN_IDENTITY[sdk=iphoneos*]" = "iPhone Developer";
				COPY_PHASE_STRIP = NO;
				DEBUG_INFORMATION_FORMAT = dwarf;
				ENABLE_STRICT_OBJC_MSGSEND = YES;
				ENABLE_TESTABILITY = YES;
				GCC_C_LANGUAGE_STANDARD = gnu99;
				GCC_DYNAMIC_NO_PIC = NO;
				GCC_NO_COMMON_BLOCKS = YES;
				GCC_OPTIMIZATION_LEVEL = 0;
				GCC_PREPROCESSOR_DEFINITIONS = (
					"DEBUG=1",
					"$(inherited)",
				);
				GCC_WARN_64_TO_32_BIT_CONVERSION = YES;
				GCC_WARN_ABOUT_RETURN_TYPE = YES_ERROR;
				GCC_WARN_UNDECLARED_SELECTOR = YES;
				GCC_WARN_UNINITIALIZED_AUTOS = YES_AGGRESSIVE;
				GCC_WARN_UNUSED_FUNCTION = YES;
				GCC_WARN_UNUSED_VARIABLE = YES;
				IPHONEOS_DEPLOYMENT_TARGET = 10.3;
				MTL_ENABLE_DEBUG_INFO = YES;
				ONLY_ACTIVE_ARCH = YES;
				SDKROOT = iphoneos;
				SWIFT_ACTIVE_COMPILATION_CONDITIONS = DEBUG;
				SWIFT_OPTIMIZATION_LEVEL = "-Onone";
				TARGETED_DEVICE_FAMILY = "1,2";
			};
			name = Debug;
		};
		08C2EBF31F274D2D0012CA2E /* Release */ = {
			isa = XCBuildConfiguration;
			buildSettings = {
				ALWAYS_SEARCH_USER_PATHS = NO;
				CLANG_ANALYZER_NONNULL = YES;
				CLANG_ANALYZER_NUMBER_OBJECT_CONVERSION = YES_AGGRESSIVE;
				CLANG_CXX_LANGUAGE_STANDARD = "gnu++0x";
				CLANG_CXX_LIBRARY = "libc++";
				CLANG_ENABLE_MODULES = YES;
				CLANG_ENABLE_OBJC_ARC = YES;
				CLANG_WARN_BOOL_CONVERSION = YES;
				CLANG_WARN_CONSTANT_CONVERSION = YES;
				CLANG_WARN_DIRECT_OBJC_ISA_USAGE = YES_ERROR;
				CLANG_WARN_DOCUMENTATION_COMMENTS = YES;
				CLANG_WARN_EMPTY_BODY = YES;
				CLANG_WARN_ENUM_CONVERSION = YES;
				CLANG_WARN_INFINITE_RECURSION = YES;
				CLANG_WARN_INT_CONVERSION = YES;
				CLANG_WARN_OBJC_ROOT_CLASS = YES_ERROR;
				CLANG_WARN_SUSPICIOUS_MOVE = YES;
				CLANG_WARN_UNREACHABLE_CODE = YES;
				CLANG_WARN__DUPLICATE_METHOD_MATCH = YES;
				"CODE_SIGN_IDENTITY[sdk=iphoneos*]" = "iPhone Developer";
				COPY_PHASE_STRIP = NO;
				DEBUG_INFORMATION_FORMAT = "dwarf-with-dsym";
				ENABLE_NS_ASSERTIONS = NO;
				ENABLE_STRICT_OBJC_MSGSEND = YES;
				GCC_C_LANGUAGE_STANDARD = gnu99;
				GCC_NO_COMMON_BLOCKS = YES;
				GCC_WARN_64_TO_32_BIT_CONVERSION = YES;
				GCC_WARN_ABOUT_RETURN_TYPE = YES_ERROR;
				GCC_WARN_UNDECLARED_SELECTOR = YES;
				GCC_WARN_UNINITIALIZED_AUTOS = YES_AGGRESSIVE;
				GCC_WARN_UNUSED_FUNCTION = YES;
				GCC_WARN_UNUSED_VARIABLE = YES;
				IPHONEOS_DEPLOYMENT_TARGET = 10.3;
				MTL_ENABLE_DEBUG_INFO = NO;
				SDKROOT = iphoneos;
				SWIFT_OPTIMIZATION_LEVEL = "-Owholemodule";
				TARGETED_DEVICE_FAMILY = "1,2";
				VALIDATE_PRODUCT = YES;
			};
			name = Release;
		};
		08C2EBF51F274D2D0012CA2E /* Debug */ = {
			isa = XCBuildConfiguration;
			buildSettings = {
				ASSETCATALOG_COMPILER_APPICON_NAME = AppIcon;
				DEVELOPMENT_TEAM = WY8DEB6X37;
				INFOPLIST_FILE = Decorator/Info.plist;
				LD_RUNPATH_SEARCH_PATHS = "$(inherited) @executable_path/Frameworks";
				PRODUCT_BUNDLE_IDENTIFIER = it.primo.Decorator;
				PRODUCT_NAME = "$(TARGET_NAME)";
				SWIFT_VERSION = 3.0;
			};
			name = Debug;
		};
		08C2EBF61F274D2D0012CA2E /* Release */ = {
			isa = XCBuildConfiguration;
			buildSettings = {
				ASSETCATALOG_COMPILER_APPICON_NAME = AppIcon;
				DEVELOPMENT_TEAM = WY8DEB6X37;
				INFOPLIST_FILE = Decorator/Info.plist;
				LD_RUNPATH_SEARCH_PATHS = "$(inherited) @executable_path/Frameworks";
				PRODUCT_BUNDLE_IDENTIFIER = it.primo.Decorator;
				PRODUCT_NAME = "$(TARGET_NAME)";
				SWIFT_VERSION = 3.0;
			};
			name = Release;
		};
/* End XCBuildConfiguration section */

/* Begin XCConfigurationList section */
		08C2EBDD1F274D2D0012CA2E /* Build configuration list for PBXProject "Decorator" */ = {
			isa = XCConfigurationList;
			buildConfigurations = (
				08C2EBF21F274D2D0012CA2E /* Debug */,
				08C2EBF31F274D2D0012CA2E /* Release */,
			);
			defaultConfigurationIsVisible = 0;
			defaultConfigurationName = Release;
		};
		08C2EBF41F274D2D0012CA2E /* Build configuration list for PBXNativeTarget "Decorator" */ = {
			isa = XCConfigurationList;
			buildConfigurations = (
				08C2EBF51F274D2D0012CA2E /* Debug */,
				08C2EBF61F274D2D0012CA2E /* Release */,
			);
			defaultConfigurationIsVisible = 0;
		};
/* End XCConfigurationList section */
	};
	rootObject = 08C2EBDA1F274D2D0012CA2E /* Project object */;
}
